
Microsoft Visual Studio Solution File, Format Version 12.00
# Visual Studio Version 17
VisualStudioVersion = 17.8.34316.72
MinimumVisualStudioVersion = 10.0.40219.1
Project("{FAE04EC0-301F-11D3-BF4B-00C04F79EFBC}") = "StockExchange", "StockExchange\StockExchange.csproj", "{00539B0E-ED21-486D-B960-BEE14D047B92}"
EndProject
Global
	GlobalSection(SolutionConfigurationPlatforms) = preSolution
		Debug|Any CPU = Debug|Any CPU
		Release|Any CPU = Release|Any CPU
	EndGlobalSection
	GlobalSection(ProjectConfigurationPlatforms) = postSolution
		{00539B0E-ED21-486D-B960-BEE14D047B92}.Debug|Any CPU.ActiveCfg = Debug|Any CPU
		{00539B0E-ED21-486D-B960-BEE14D047B92}.Debug|Any CPU.Build.0 = Debug|Any CPU
		{00539B0E-ED21-486D-B960-BEE14D047B92}.Release|Any CPU.ActiveCfg = Release|Any CPU
		{00539B0E-ED21-486D-B960-BEE14D047B92}.Release|Any CPU.Build.0 = Release|Any CPU
	EndGlobalSection
	GlobalSection(SolutionProperties) = preSolution
		HideSolutionNode = FALSE
	EndGlobalSection
	GlobalSection(ExtensibilityGlobals) = postSolution
		SolutionGuid = {DBC4027E-D87B-4E70-9146-0A506EA5BD36}
	EndGlobalSection
EndGlobal
